
Microsoft Visual Studio Solution File, Format Version 12.00
# Visual Studio 16
Project("{FAE04EC0-301F-11D3-BF4B-00C04F79EFBC}") = "Assembly-CSharp", "Assembly-CSharp.csproj", "{25DD5B00-FF8F-05F9-5688-E91D9936189F}"
EndProject
Project("{FAE04EC0-301F-11D3-BF4B-00C04F79EFBC}") = "Assembly-CSharp-Editor", "Assembly-CSharp-Editor.csproj", "{1FAE9730-BD82-0A90-9B32-5186DC3E6974}"
EndProject
Global
	GlobalSection(SolutionConfigurationPlatforms) = preSolution
		Debug|Any CPU = Debug|Any CPU
		Release|Any CPU = Release|Any CPU
	EndGlobalSection
	GlobalSection(ProjectConfigurationPlatforms) = postSolution
		{25DD5B00-FF8F-05F9-5688-E91D9936189F}.Debug|Any CPU.ActiveCfg = Debug|Any CPU
		{25DD5B00-FF8F-05F9-5688-E91D9936189F}.Debug|Any CPU.Build.0 = Debug|Any CPU
		{25DD5B00-FF8F-05F9-5688-E91D9936189F}.Release|Any CPU.ActiveCfg = Release|Any CPU
		{25DD5B00-FF8F-05F9-5688-E91D9936189F}.Release|Any CPU.Build.0 = Release|Any CPU
		{1FAE9730-BD82-0A90-9B32-5186DC3E6974}.Debug|Any CPU.ActiveCfg = Debug|Any CPU
		{1FAE9730-BD82-0A90-9B32-5186DC3E6974}.Debug|Any CPU.Build.0 = Debug|Any CPU
		{1FAE9730-BD82-0A90-9B32-5186DC3E6974}.Release|Any CPU.ActiveCfg = Release|Any CPU
		{1FAE9730-BD82-0A90-9B32-5186DC3E6974}.Release|Any CPU.Build.0 = Release|Any CPU
	EndGlobalSection
	GlobalSection(SolutionProperties) = preSolution
		HideSolutionNode = FALSE
	EndGlobalSection
EndGlobal
